
Microsoft Visual Studio Solution File, Format Version 12.00
# Visual Studio Version 17
VisualStudioVersion = 17.12.35527.113 d17.12
MinimumVisualStudioVersion = 10.0.40219.1
Project("{FAE04EC0-301F-11D3-BF4B-00C04F79EFBC}") = "SM_API", "SM_API\SM_API.csproj", "{DDB1573B-9E8D-465B-8696-F6F883726656}"
EndProject
Project("{FAE04EC0-301F-11D3-BF4B-00C04F79EFBC}") = "SM_Web", "SM_Web\SM_Web.csproj", "{34A471D5-BF95-4480-B091-95E035A8047B}"
EndProject
Global
	GlobalSection(SolutionConfigurationPlatforms) = preSolution
		Debug|Any CPU = Debug|Any CPU
		Release|Any CPU = Release|Any CPU
	EndGlobalSection
	GlobalSection(ProjectConfigurationPlatforms) = postSolution
		{DDB1573B-9E8D-465B-8696-F6F883726656}.Debug|Any CPU.ActiveCfg = Debug|Any CPU
		{DDB1573B-9E8D-465B-8696-F6F883726656}.Debug|Any CPU.Build.0 = Debug|Any CPU
		{DDB1573B-9E8D-465B-8696-F6F883726656}.Release|Any CPU.ActiveCfg = Release|Any CPU
		{DDB1573B-9E8D-465B-8696-F6F883726656}.Release|Any CPU.Build.0 = Release|Any CPU
		{34A471D5-BF95-4480-B091-95E035A8047B}.Debug|Any CPU.ActiveCfg = Debug|Any CPU
		{34A471D5-BF95-4480-B091-95E035A8047B}.Debug|Any CPU.Build.0 = Debug|Any CPU
		{34A471D5-BF95-4480-B091-95E035A8047B}.Release|Any CPU.ActiveCfg = Release|Any CPU
		{34A471D5-BF95-4480-B091-95E035A8047B}.Release|Any CPU.Build.0 = Release|Any CPU
	EndGlobalSection
	GlobalSection(SolutionProperties) = preSolution
		HideSolutionNode = FALSE
	EndGlobalSection
EndGlobal
